{
  "name": "chessgrounds",
  "lockfileVersion": 2,
  "requires": true,
  "packages": {
    "": {
      "dependencies": {
        "chessground": "^8.3.5"
      }
    },
    "node_modules/chessground": {
      "version": "8.3.5",
      "resolved": "https://registry.npmjs.org/chessground/-/chessground-8.3.5.tgz",
      "integrity": "sha512-MnrQ2sO9FfHcPYwALuLCEQujEUWFqaVzfsn02iOBmFkndzpOk+9zn7rlSwksoJKZ5+LcrA0EaWgN+GzB0gzX8A==",
      "funding": {
        "url": "https://lichess.org/patron"
      }
    }
  },
  "dependencies": {
    "chessground": {
      "version": "8.3.5",
      "resolved": "https://registry.npmjs.org/chessground/-/chessground-8.3.5.tgz",
      "integrity": "sha512-MnrQ2sO9FfHcPYwALuLCEQujEUWFqaVzfsn02iOBmFkndzpOk+9zn7rlSwksoJKZ5+LcrA0EaWgN+GzB0gzX8A=="
    }
  }
}
